# This file is automatically @generated by Cargo.
# It is not intended for manual editing.
version = 4

[[package]]
name = "any2nix"
version = "0.1.0"

[[package]]
name = "any2nix-api"
version = "0.1.0"
dependencies = [
 "any2nix",
]

[[package]]
name = "any2nix-cli"
version = "0.1.0"
dependencies = [
 "any2nix",
]

[[package]]
name = "any2nix-gui"
version = "0.1.0"
dependencies = [
 "any2nix",
]

[[package]]
name = "any2nix-site"
version = "0.1.0"
dependencies = [
 "any2nix",
]

[[package]]
name = "any2nix-web"
version = "0.1.0"
dependencies = [
 "any2nix-api",
 "any2nix-site",
]
